
Microsoft Visual Studio Solution File, Format Version 12.00
# Visual Studio Version 17
VisualStudioVersion = 17.4.33110.190
MinimumVisualStudioVersion = 10.0.40219.1
Project("{FAE04EC0-301F-11D3-BF4B-00C04F79EFBC}") = "AuthenticationSystemDemo", "AuthenticationSystemDemo\AuthenticationSystemDemo.csproj", "{7C2FF58B-9DC2-463A-B3C0-93A6705F625C}"
EndProject
Global
	GlobalSection(SolutionConfigurationPlatforms) = preSolution
		Debug|Any CPU = Debug|Any CPU
		Release|Any CPU = Release|Any CPU
	EndGlobalSection
	GlobalSection(ProjectConfigurationPlatforms) = postSolution
		{7C2FF58B-9DC2-463A-B3C0-93A6705F625C}.Debug|Any CPU.ActiveCfg = Debug|Any CPU
		{7C2FF58B-9DC2-463A-B3C0-93A6705F625C}.Debug|Any CPU.Build.0 = Debug|Any CPU
		{7C2FF58B-9DC2-463A-B3C0-93A6705F625C}.Release|Any CPU.ActiveCfg = Release|Any CPU
		{7C2FF58B-9DC2-463A-B3C0-93A6705F625C}.Release|Any CPU.Build.0 = Release|Any CPU
	EndGlobalSection
	GlobalSection(SolutionProperties) = preSolution
		HideSolutionNode = FALSE
	EndGlobalSection
	GlobalSection(ExtensibilityGlobals) = postSolution
		SolutionGuid = {CEB4932D-9C3D-4BFC-8DFB-A867CF427970}
	EndGlobalSection
EndGlobal
